
Microsoft Visual Studio Solution File, Format Version 12.00
# Visual Studio Version 17
VisualStudioVersion = 17.11.35312.102
MinimumVisualStudioVersion = 10.0.40219.1
Project("{FAE04EC0-301F-11D3-BF4B-00C04F79EFBC}") = "AeC", "AeC\AeC.csproj", "{5428751F-2BCD-4BD9-A50A-502ED0FF5547}"
EndProject
Global
	GlobalSection(SolutionConfigurationPlatforms) = preSolution
		Debug|Any CPU = Debug|Any CPU
		Release|Any CPU = Release|Any CPU
	EndGlobalSection
	GlobalSection(ProjectConfigurationPlatforms) = postSolution
		{5428751F-2BCD-4BD9-A50A-502ED0FF5547}.Debug|Any CPU.ActiveCfg = Debug|Any CPU
		{5428751F-2BCD-4BD9-A50A-502ED0FF5547}.Debug|Any CPU.Build.0 = Debug|Any CPU
		{5428751F-2BCD-4BD9-A50A-502ED0FF5547}.Release|Any CPU.ActiveCfg = Release|Any CPU
		{5428751F-2BCD-4BD9-A50A-502ED0FF5547}.Release|Any CPU.Build.0 = Release|Any CPU
	EndGlobalSection
	GlobalSection(SolutionProperties) = preSolution
		HideSolutionNode = FALSE
	EndGlobalSection
	GlobalSection(ExtensibilityGlobals) = postSolution
		SolutionGuid = {C66DB565-57BF-45CC-A599-E4729A52E24D}
	EndGlobalSection
EndGlobal
